
Microsoft Visual Studio Solution File, Format Version 12.00
# Visual Studio Version 17
VisualStudioVersion = 17.8.34408.163
MinimumVisualStudioVersion = 10.0.40219.1
Project("{00D1A9C2-B5F0-4AF3-8072-F6C62B433612}") = "Database", "Database\Database.sqlproj", "{FF1179FC-F2CF-4844-AE90-668CCA0EBF6C}"
EndProject
Project("{9A19103F-16F7-4668-BE54-9A1E7A4F7556}") = "DataAccessLayer", "DataAccessLayer\DataAccessLayer.csproj", "{118E9E3A-DB69-4034-8C2E-150A0A47E1D2}"
EndProject
Project("{9A19103F-16F7-4668-BE54-9A1E7A4F7556}") = "DataAccessLayer.Test", "DataAccessLayer.Test\DataAccessLayer.Test.csproj", "{E9C3E8D5-F378-4FA4-9F00-198EBDB25DEF}"
EndProject
Project("{9A19103F-16F7-4668-BE54-9A1E7A4F7556}") = "WebApi", "WebApi\WebApi.csproj", "{9C8DF1F5-66CC-4202-8BBC-8209E5FB6556}"
EndProject
Project("{9A19103F-16F7-4668-BE54-9A1E7A4F7556}") = "WebApi.Client", "WebApi.Client\WebApi.Client.csproj", "{A1B6D7CB-5675-4EBA-8D43-59C2E1F953F8}"
EndProject
Project("{9A19103F-16F7-4668-BE54-9A1E7A4F7556}") = "SaleManagementWpfClient", "SaleManagementClient\SaleManagementWpfClient.csproj", "{1FB6652C-8D7F-484E-823F-3330A0925CA5}"
EndProject
Project("{FAE04EC0-301F-11D3-BF4B-00C04F79EFBC}") = "Shared", "Shared\Shared.csproj", "{31519E89-EBEA-4075-8E3A-451C6C1B13F9}"
EndProject
Global
	GlobalSection(SolutionConfigurationPlatforms) = preSolution
		Debug|Any CPU = Debug|Any CPU
		Release|Any CPU = Release|Any CPU
	EndGlobalSection
	GlobalSection(ProjectConfigurationPlatforms) = postSolution
		{FF1179FC-F2CF-4844-AE90-668CCA0EBF6C}.Debug|Any CPU.ActiveCfg = Debug|Any CPU
		{FF1179FC-F2CF-4844-AE90-668CCA0EBF6C}.Debug|Any CPU.Build.0 = Debug|Any CPU
		{FF1179FC-F2CF-4844-AE90-668CCA0EBF6C}.Debug|Any CPU.Deploy.0 = Debug|Any CPU
		{FF1179FC-F2CF-4844-AE90-668CCA0EBF6C}.Release|Any CPU.ActiveCfg = Release|Any CPU
		{FF1179FC-F2CF-4844-AE90-668CCA0EBF6C}.Release|Any CPU.Build.0 = Release|Any CPU
		{FF1179FC-F2CF-4844-AE90-668CCA0EBF6C}.Release|Any CPU.Deploy.0 = Release|Any CPU
		{118E9E3A-DB69-4034-8C2E-150A0A47E1D2}.Debug|Any CPU.ActiveCfg = Debug|Any CPU
		{118E9E3A-DB69-4034-8C2E-150A0A47E1D2}.Debug|Any CPU.Build.0 = Debug|Any CPU
		{118E9E3A-DB69-4034-8C2E-150A0A47E1D2}.Release|Any CPU.ActiveCfg = Release|Any CPU
		{118E9E3A-DB69-4034-8C2E-150A0A47E1D2}.Release|Any CPU.Build.0 = Release|Any CPU
		{E9C3E8D5-F378-4FA4-9F00-198EBDB25DEF}.Debug|Any CPU.ActiveCfg = Debug|Any CPU
		{E9C3E8D5-F378-4FA4-9F00-198EBDB25DEF}.Debug|Any CPU.Build.0 = Debug|Any CPU
		{E9C3E8D5-F378-4FA4-9F00-198EBDB25DEF}.Release|Any CPU.ActiveCfg = Release|Any CPU
		{E9C3E8D5-F378-4FA4-9F00-198EBDB25DEF}.Release|Any CPU.Build.0 = Release|Any CPU
		{9C8DF1F5-66CC-4202-8BBC-8209E5FB6556}.Debug|Any CPU.ActiveCfg = Debug|Any CPU
		{9C8DF1F5-66CC-4202-8BBC-8209E5FB6556}.Debug|Any CPU.Build.0 = Debug|Any CPU
		{9C8DF1F5-66CC-4202-8BBC-8209E5FB6556}.Release|Any CPU.ActiveCfg = Release|Any CPU
		{9C8DF1F5-66CC-4202-8BBC-8209E5FB6556}.Release|Any CPU.Build.0 = Release|Any CPU
		{A1B6D7CB-5675-4EBA-8D43-59C2E1F953F8}.Debug|Any CPU.ActiveCfg = Debug|Any CPU
		{A1B6D7CB-5675-4EBA-8D43-59C2E1F953F8}.Debug|Any CPU.Build.0 = Debug|Any CPU
		{A1B6D7CB-5675-4EBA-8D43-59C2E1F953F8}.Release|Any CPU.ActiveCfg = Release|Any CPU
		{A1B6D7CB-5675-4EBA-8D43-59C2E1F953F8}.Release|Any CPU.Build.0 = Release|Any CPU
		{1FB6652C-8D7F-484E-823F-3330A0925CA5}.Debug|Any CPU.ActiveCfg = Debug|Any CPU
		{1FB6652C-8D7F-484E-823F-3330A0925CA5}.Debug|Any CPU.Build.0 = Debug|Any CPU
		{1FB6652C-8D7F-484E-823F-3330A0925CA5}.Release|Any CPU.ActiveCfg = Release|Any CPU
		{1FB6652C-8D7F-484E-823F-3330A0925CA5}.Release|Any CPU.Build.0 = Release|Any CPU
		{31519E89-EBEA-4075-8E3A-451C6C1B13F9}.Debug|Any CPU.ActiveCfg = Debug|Any CPU
		{31519E89-EBEA-4075-8E3A-451C6C1B13F9}.Debug|Any CPU.Build.0 = Debug|Any CPU
		{31519E89-EBEA-4075-8E3A-451C6C1B13F9}.Release|Any CPU.ActiveCfg = Release|Any CPU
		{31519E89-EBEA-4075-8E3A-451C6C1B13F9}.Release|Any CPU.Build.0 = Release|Any CPU
	EndGlobalSection
	GlobalSection(SolutionProperties) = preSolution
		HideSolutionNode = FALSE
	EndGlobalSection
	GlobalSection(ExtensibilityGlobals) = postSolution
		SolutionGuid = {08E268B4-A702-4BCF-B245-09C95331FFD8}
	EndGlobalSection
EndGlobal
